
Microsoft Visual Studio Solution File, Format Version 12.00
# Visual Studio Version 16
VisualStudioVersion = 16.0.29306.81
MinimumVisualStudioVersion = 10.0.40219.1
Project("{FAE04EC0-301F-11D3-BF4B-00C04F79EFBC}") = "WindowsFormsApp4", "WindowsFormsApp4.csproj", "{7475D7D0-C47F-4209-B6DE-A1EB99412066}"
EndProject
Global
	GlobalSection(SolutionConfigurationPlatforms) = preSolution
		Debug|Any CPU = Debug|Any CPU
		Release|Any CPU = Release|Any CPU
	EndGlobalSection
	GlobalSection(ProjectConfigurationPlatforms) = postSolution
		{7475D7D0-C47F-4209-B6DE-A1EB99412066}.Debug|Any CPU.ActiveCfg = Debug|Any CPU
		{7475D7D0-C47F-4209-B6DE-A1EB99412066}.Debug|Any CPU.Build.0 = Debug|Any CPU
		{7475D7D0-C47F-4209-B6DE-A1EB99412066}.Release|Any CPU.ActiveCfg = Release|Any CPU
		{7475D7D0-C47F-4209-B6DE-A1EB99412066}.Release|Any CPU.Build.0 = Release|Any CPU
	EndGlobalSection
	GlobalSection(SolutionProperties) = preSolution
		HideSolutionNode = FALSE
	EndGlobalSection
	GlobalSection(ExtensibilityGlobals) = postSolution
		SolutionGuid = {8F7C7313-4C05-40C6-BC36-10FA281EF038}
	EndGlobalSection
EndGlobal
